
Microsoft Visual Studio Solution File, Format Version 12.00
# Visual Studio 14
VisualStudioVersion = 14.0.25420.1
MinimumVisualStudioVersion = 10.0.40219.1
Project("{FAE04EC0-301F-11D3-BF4B-00C04F79EFBC}") = "StitchCalc.iOS", "StitchCalc\StitchCalc.iOS\StitchCalc.iOS.csproj", "{FD974A98-6D09-4C7A-A779-283E92BDA392}"
EndProject
Project("{D954291E-2A0B-460D-934E-DC6B0785DB48}") = "StitchCalc", "StitchCalc\StitchCalc\StitchCalc.shproj", "{730144F2-67CB-42D3-833A-EA82E1828EEC}"
EndProject
Project("{9344BDBB-3E7F-41FC-A0DD-8665D75EE146}") = "StitchCalc.Droid", "StitchCalc\StitchCalc.Droid\StitchCalc.Droid.csproj", "{540C8D41-C5CF-4EB9-B028-9B47863AA52E}"
EndProject
Project("{9344BDBB-3E7F-41FC-A0DD-8665D75EE146}") = "StitchCalc.UWP", "StitchCalc\StitchCalc.UWP\StitchCalc.UWP.csproj", "{EA12115A-8CCE-4296-814E-13FD05D36A21}"
EndProject
Global
	GlobalSection(SharedMSBuildProjectFiles) = preSolution
		StitchCalc\StitchCalc\StitchCalc.projitems*{171a5817-697a-4b46-8fae-6c8c1089c9c1}*SharedItemsImports = 4
		StitchCalc\StitchCalc\StitchCalc.projitems*{1c292e76-0e0f-46d2-acec-4d96345f4258}*SharedItemsImports = 4
		StitchCalc\StitchCalc\StitchCalc.projitems*{730144f2-67cb-42d3-833a-ea82e1828eec}*SharedItemsImports = 13
		StitchCalc\StitchCalc\StitchCalc.projitems*{fd974a98-6d09-4c7a-a779-283e92bda392}*SharedItemsImports = 4
	EndGlobalSection
	GlobalSection(SolutionConfigurationPlatforms) = preSolution
		Ad-Hoc|Any CPU = Ad-Hoc|Any CPU
		Ad-Hoc|ARM = Ad-Hoc|ARM
		Ad-Hoc|iPhone = Ad-Hoc|iPhone
		Ad-Hoc|iPhoneSimulator = Ad-Hoc|iPhoneSimulator
		Ad-Hoc|x64 = Ad-Hoc|x64
		Ad-Hoc|x86 = Ad-Hoc|x86
		AppStore|Any CPU = AppStore|Any CPU
		AppStore|ARM = AppStore|ARM
		AppStore|iPhone = AppStore|iPhone
		AppStore|iPhoneSimulator = AppStore|iPhoneSimulator
		AppStore|x64 = AppStore|x64
		AppStore|x86 = AppStore|x86
		Debug|Any CPU = Debug|Any CPU
		Debug|ARM = Debug|ARM
		Debug|iPhone = Debug|iPhone
		Debug|iPhoneSimulator = Debug|iPhoneSimulator
		Debug|x64 = Debug|x64
		Debug|x86 = Debug|x86
		Release|Any CPU = Release|Any CPU
		Release|ARM = Release|ARM
		Release|iPhone = Release|iPhone
		Release|iPhoneSimulator = Release|iPhoneSimulator
		Release|x64 = Release|x64
		Release|x86 = Release|x86
	EndGlobalSection
	GlobalSection(ProjectConfigurationPlatforms) = postSolution
		{FD974A98-6D09-4C7A-A779-283E92BDA392}.Ad-Hoc|Any CPU.ActiveCfg = Ad-Hoc|iPhone
		{FD974A98-6D09-4C7A-A779-283E92BDA392}.Ad-Hoc|ARM.ActiveCfg = Ad-Hoc|iPhone
		{FD974A98-6D09-4C7A-A779-283E92BDA392}.Ad-Hoc|iPhone.ActiveCfg = Ad-Hoc|iPhone
		{FD974A98-6D09-4C7A-A779-283E92BDA392}.Ad-Hoc|iPhone.Build.0 = Ad-Hoc|iPhone
		{FD974A98-6D09-4C7A-A779-283E92BDA392}.Ad-Hoc|iPhoneSimulator.ActiveCfg = Ad-Hoc|iPhoneSimulator
		{FD974A98-6D09-4C7A-A779-283E92BDA392}.Ad-Hoc|iPhoneSimulator.Build.0 = Ad-Hoc|iPhoneSimulator
		{FD974A98-6D09-4C7A-A779-283E92BDA392}.Ad-Hoc|x64.ActiveCfg = Ad-Hoc|iPhone
		{FD974A98-6D09-4C7A-A779-283E92BDA392}.Ad-Hoc|x86.ActiveCfg = Ad-Hoc|iPhone
		{FD974A98-6D09-4C7A-A779-283E92BDA392}.AppStore|Any CPU.ActiveCfg = AppStore|iPhone
		{FD974A98-6D09-4C7A-A779-283E92BDA392}.AppStore|ARM.ActiveCfg = AppStore|iPhone
		{FD974A98-6D09-4C7A-A779-283E92BDA392}.AppStore|iPhone.ActiveCfg = AppStore|iPhone
		{FD974A98-6D09-4C7A-A779-283E92BDA392}.AppStore|iPhone.Build.0 = AppStore|iPhone
		{FD974A98-6D09-4C7A-A779-283E92BDA392}.AppStore|iPhoneSimulator.ActiveCfg = AppStore|iPhoneSimulator
		{FD974A98-6D09-4C7A-A779-283E92BDA392}.AppStore|iPhoneSimulator.Build.0 = AppStore|iPhoneSimulator
		{FD974A98-6D09-4C7A-A779-283E92BDA392}.AppStore|x64.ActiveCfg = AppStore|iPhone
		{FD974A98-6D09-4C7A-A779-283E92BDA392}.AppStore|x86.ActiveCfg = AppStore|iPhone
		{FD974A98-6D09-4C7A-A779-283E92BDA392}.Debug|Any CPU.ActiveCfg = Debug|iPhone
		{FD974A98-6D09-4C7A-A779-283E92BDA392}.Debug|ARM.ActiveCfg = Debug|iPhone
		{FD974A98-6D09-4C7A-A779-283E92BDA392}.Debug|iPhone.ActiveCfg = Debug|iPhone
		{FD974A98-6D09-4C7A-A779-283E92BDA392}.Debug|iPhone.Build.0 = Debug|iPhone
		{FD974A98-6D09-4C7A-A779-283E92BDA392}.Debug|iPhoneSimulator.ActiveCfg = Debug|iPhoneSimulator
		{FD974A98-6D09-4C7A-A779-283E92BDA392}.Debug|iPhoneSimulator.Build.0 = Debug|iPhoneSimulator
		{FD974A98-6D09-4C7A-A779-283E92BDA392}.Debug|x64.ActiveCfg = Debug|iPhone
		{FD974A98-6D09-4C7A-A779-283E92BDA392}.Debug|x86.ActiveCfg = Debug|iPhone
		{FD974A98-6D09-4C7A-A779-283E92BDA392}.Release|Any CPU.ActiveCfg = Release|iPhone
		{FD974A98-6D09-4C7A-A779-283E92BDA392}.Release|ARM.ActiveCfg = Release|iPhone
		{FD974A98-6D09-4C7A-A779-283E92BDA392}.Release|iPhone.ActiveCfg = Release|iPhone
		{FD974A98-6D09-4C7A-A779-283E92BDA392}.Release|iPhone.Build.0 = Release|iPhone
		{FD974A98-6D09-4C7A-A779-283E92BDA392}.Release|iPhoneSimulator.ActiveCfg = Release|iPhoneSimulator
		{FD974A98-6D09-4C7A-A779-283E92BDA392}.Release|iPhoneSimulator.Build.0 = Release|iPhoneSimulator
		{FD974A98-6D09-4C7A-A779-283E92BDA392}.Release|x64.ActiveCfg = Release|iPhone
		{FD974A98-6D09-4C7A-A779-283E92BDA392}.Release|x86.ActiveCfg = Release|iPhone
		{540C8D41-C5CF-4EB9-B028-9B47863AA52E}.Ad-Hoc|Any CPU.ActiveCfg = Release|Any CPU
		{540C8D41-C5CF-4EB9-B028-9B47863AA52E}.Ad-Hoc|Any CPU.Build.0 = Release|Any CPU
		{540C8D41-C5CF-4EB9-B028-9B47863AA52E}.Ad-Hoc|Any CPU.Deploy.0 = Release|Any CPU
		{540C8D41-C5CF-4EB9-B028-9B47863AA52E}.Ad-Hoc|ARM.ActiveCfg = Release|Any CPU
		{540C8D41-C5CF-4EB9-B028-9B47863AA52E}.Ad-Hoc|ARM.Build.0 = Release|Any CPU
		{540C8D41-C5CF-4EB9-B028-9B47863AA52E}.Ad-Hoc|ARM.Deploy.0 = Release|Any CPU
		{540C8D41-C5CF-4EB9-B028-9B47863AA52E}.Ad-Hoc|iPhone.ActiveCfg = Release|Any CPU
		{540C8D41-C5CF-4EB9-B028-9B47863AA52E}.Ad-Hoc|iPhoneSimulator.ActiveCfg = Release|Any CPU
		{540C8D41-C5CF-4EB9-B028-9B47863AA52E}.Ad-Hoc|iPhoneSimulator.Build.0 = Release|Any CPU
		{540C8D41-C5CF-4EB9-B028-9B47863AA52E}.Ad-Hoc|iPhoneSimulator.Deploy.0 = Release|Any CPU
		{540C8D41-C5CF-4EB9-B028-9B47863AA52E}.Ad-Hoc|x64.ActiveCfg = Release|Any CPU
		{540C8D41-C5CF-4EB9-B028-9B47863AA52E}.Ad-Hoc|x64.Build.0 = Release|Any CPU
		{540C8D41-C5CF-4EB9-B028-9B47863AA52E}.Ad-Hoc|x64.Deploy.0 = Release|Any CPU
		{540C8D41-C5CF-4EB9-B028-9B47863AA52E}.Ad-Hoc|x86.ActiveCfg = Release|Any CPU
		{540C8D41-C5CF-4EB9-B028-9B47863AA52E}.Ad-Hoc|x86.Build.0 = Release|Any CPU
		{540C8D41-C5CF-4EB9-B028-9B47863AA52E}.Ad-Hoc|x86.Deploy.0 = Release|Any CPU
		{540C8D41-C5CF-4EB9-B028-9B47863AA52E}.AppStore|Any CPU.ActiveCfg = Release|Any CPU
		{540C8D41-C5CF-4EB9-B028-9B47863AA52E}.AppStore|Any CPU.Build.0 = Release|Any CPU
		{540C8D41-C5CF-4EB9-B028-9B47863AA52E}.AppStore|Any CPU.Deploy.0 = Release|Any CPU
		{540C8D41-C5CF-4EB9-B028-9B47863AA52E}.AppStore|ARM.ActiveCfg = Release|Any CPU
		{540C8D41-C5CF-4EB9-B028-9B47863AA52E}.AppStore|ARM.Build.0 = Release|Any CPU
		{540C8D41-C5CF-4EB9-B028-9B47863AA52E}.AppStore|ARM.Deploy.0 = Release|Any CPU
		{540C8D41-C5CF-4EB9-B028-9B47863AA52E}.AppStore|iPhone.ActiveCfg = Release|Any CPU
		{540C8D41-C5CF-4EB9-B028-9B47863AA52E}.AppStore|iPhone.Build.0 = Release|Any CPU
		{540C8D41-C5CF-4EB9-B028-9B47863AA52E}.AppStore|iPhone.Deploy.0 = Release|Any CPU
		{540C8D41-C5CF-4EB9-B028-9B47863AA52E}.AppStore|iPhoneSimulator.ActiveCfg = Release|Any CPU
		{540C8D41-C5CF-4EB9-B028-9B47863AA52E}.AppStore|iPhoneSimulator.Build.0 = Release|Any CPU
		{540C8D41-C5CF-4EB9-B028-9B47863AA52E}.AppStore|iPhoneSimulator.Deploy.0 = Release|Any CPU
		{540C8D41-C5CF-4EB9-B028-9B47863AA52E}.AppStore|x64.ActiveCfg = Release|Any CPU
		{540C8D41-C5CF-4EB9-B028-9B47863AA52E}.AppStore|x64.Build.0 = Release|Any CPU
		{540C8D41-C5CF-4EB9-B028-9B47863AA52E}.AppStore|x64.Deploy.0 = Release|Any CPU
		{540C8D41-C5CF-4EB9-B028-9B47863AA52E}.AppStore|x86.ActiveCfg = Release|Any CPU
		{540C8D41-C5CF-4EB9-B028-9B47863AA52E}.AppStore|x86.Build.0 = Release|Any CPU
		{540C8D41-C5CF-4EB9-B028-9B47863AA52E}.AppStore|x86.Deploy.0 = Release|Any CPU
		{540C8D41-C5CF-4EB9-B028-9B47863AA52E}.Debug|Any CPU.ActiveCfg = Debug|Any CPU
		{540C8D41-C5CF-4EB9-B028-9B47863AA52E}.Debug|Any CPU.Build.0 = Debug|Any CPU
		{540C8D41-C5CF-4EB9-B028-9B47863AA52E}.Debug|Any CPU.Deploy.0 = Debug|Any CPU
		{540C8D41-C5CF-4EB9-B028-9B47863AA52E}.Debug|ARM.ActiveCfg = Debug|Any CPU
		{540C8D41-C5CF-4EB9-B028-9B47863AA52E}.Debug|ARM.Build.0 = Debug|Any CPU
		{540C8D41-C5CF-4EB9-B028-9B47863AA52E}.Debug|ARM.Deploy.0 = Debug|Any CPU
		{540C8D41-C5CF-4EB9-B028-9B47863AA52E}.Debug|iPhone.ActiveCfg = Debug|Any CPU
		{540C8D41-C5CF-4EB9-B028-9B47863AA52E}.Debug|iPhone.Build.0 = Debug|Any CPU
		{540C8D41-C5CF-4EB9-B028-9B47863AA52E}.Debug|iPhone.Deploy.0 = Debug|Any CPU
		{540C8D41-C5CF-4EB9-B028-9B47863AA52E}.Debug|iPhoneSimulator.ActiveCfg = Debug|Any CPU
		{540C8D41-C5CF-4EB9-B028-9B47863AA52E}.Debug|iPhoneSimulator.Build.0 = Debug|Any CPU
		{540C8D41-C5CF-4EB9-B028-9B47863AA52E}.Debug|iPhoneSimulator.Deploy.0 = Debug|Any CPU
		{540C8D41-C5CF-4EB9-B028-9B47863AA52E}.Debug|x64.ActiveCfg = Debug|Any CPU
		{540C8D41-C5CF-4EB9-B028-9B47863AA52E}.Debug|x64.Build.0 = Debug|Any CPU
		{540C8D41-C5CF-4EB9-B028-9B47863AA52E}.Debug|x64.Deploy.0 = Debug|Any CPU
		{540C8D41-C5CF-4EB9-B028-9B47863AA52E}.Debug|x86.ActiveCfg = Debug|Any CPU
		{540C8D41-C5CF-4EB9-B028-9B47863AA52E}.Debug|x86.Build.0 = Debug|Any CPU
		{540C8D41-C5CF-4EB9-B028-9B47863AA52E}.Debug|x86.Deploy.0 = Debug|Any CPU
		{540C8D41-C5CF-4EB9-B028-9B47863AA52E}.Release|Any CPU.ActiveCfg = Release|Any CPU
		{540C8D41-C5CF-4EB9-B028-9B47863AA52E}.Release|Any CPU.Build.0 = Release|Any CPU
		{540C8D41-C5CF-4EB9-B028-9B47863AA52E}.Release|Any CPU.Deploy.0 = Release|Any CPU
		{540C8D41-C5CF-4EB9-B028-9B47863AA52E}.Release|ARM.ActiveCfg = Release|Any CPU
		{540C8D41-C5CF-4EB9-B028-9B47863AA52E}.Release|ARM.Build.0 = Release|Any CPU
		{540C8D41-C5CF-4EB9-B028-9B47863AA52E}.Release|ARM.Deploy.0 = Release|Any CPU
		{540C8D41-C5CF-4EB9-B028-9B47863AA52E}.Release|iPhone.ActiveCfg = Release|Any CPU
		{540C8D41-C5CF-4EB9-B028-9B47863AA52E}.Release|iPhone.Build.0 = Release|Any CPU
		{540C8D41-C5CF-4EB9-B028-9B47863AA52E}.Release|iPhone.Deploy.0 = Release|Any CPU
		{540C8D41-C5CF-4EB9-B028-9B47863AA52E}.Release|iPhoneSimulator.ActiveCfg = Release|Any CPU
		{540C8D41-C5CF-4EB9-B028-9B47863AA52E}.Release|iPhoneSimulator.Build.0 = Release|Any CPU
		{540C8D41-C5CF-4EB9-B028-9B47863AA52E}.Release|iPhoneSimulator.Deploy.0 = Release|Any CPU
		{540C8D41-C5CF-4EB9-B028-9B47863AA52E}.Release|x64.ActiveCfg = Release|Any CPU
		{540C8D41-C5CF-4EB9-B028-9B47863AA52E}.Release|x64.Build.0 = Release|Any CPU
		{540C8D41-C5CF-4EB9-B028-9B47863AA52E}.Release|x64.Deploy.0 = Release|Any CPU
		{540C8D41-C5CF-4EB9-B028-9B47863AA52E}.Release|x86.ActiveCfg = Release|Any CPU
		{540C8D41-C5CF-4EB9-B028-9B47863AA52E}.Release|x86.Build.0 = Release|Any CPU
		{540C8D41-C5CF-4EB9-B028-9B47863AA52E}.Release|x86.Deploy.0 = Release|Any CPU
		{EA12115A-8CCE-4296-814E-13FD05D36A21}.Ad-Hoc|Any CPU.ActiveCfg = Release|x86
		{EA12115A-8CCE-4296-814E-13FD05D36A21}.Ad-Hoc|Any CPU.Build.0 = Release|x86
		{EA12115A-8CCE-4296-814E-13FD05D36A21}.Ad-Hoc|Any CPU.Deploy.0 = Release|x86
		{EA12115A-8CCE-4296-814E-13FD05D36A21}.Ad-Hoc|ARM.ActiveCfg = Release|ARM
		{EA12115A-8CCE-4296-814E-13FD05D36A21}.Ad-Hoc|ARM.Build.0 = Release|ARM
		{EA12115A-8CCE-4296-814E-13FD05D36A21}.Ad-Hoc|ARM.Deploy.0 = Release|ARM
		{EA12115A-8CCE-4296-814E-13FD05D36A21}.Ad-Hoc|iPhone.ActiveCfg = Release|x86
		{EA12115A-8CCE-4296-814E-13FD05D36A21}.Ad-Hoc|iPhoneSimulator.ActiveCfg = Release|x86
		{EA12115A-8CCE-4296-814E-13FD05D36A21}.Ad-Hoc|iPhoneSimulator.Build.0 = Release|x86
		{EA12115A-8CCE-4296-814E-13FD05D36A21}.Ad-Hoc|iPhoneSimulator.Deploy.0 = Release|x86
		{EA12115A-8CCE-4296-814E-13FD05D36A21}.Ad-Hoc|x64.ActiveCfg = Release|x64
		{EA12115A-8CCE-4296-814E-13FD05D36A21}.Ad-Hoc|x64.Build.0 = Release|x64
		{EA12115A-8CCE-4296-814E-13FD05D36A21}.Ad-Hoc|x64.Deploy.0 = Release|x64
		{EA12115A-8CCE-4296-814E-13FD05D36A21}.Ad-Hoc|x86.ActiveCfg = Release|x86
		{EA12115A-8CCE-4296-814E-13FD05D36A21}.Ad-Hoc|x86.Build.0 = Release|x86
		{EA12115A-8CCE-4296-814E-13FD05D36A21}.Ad-Hoc|x86.Deploy.0 = Release|x86
		{EA12115A-8CCE-4296-814E-13FD05D36A21}.AppStore|Any CPU.ActiveCfg = Release|x86
		{EA12115A-8CCE-4296-814E-13FD05D36A21}.AppStore|Any CPU.Build.0 = Release|x86
		{EA12115A-8CCE-4296-814E-13FD05D36A21}.AppStore|Any CPU.Deploy.0 = Release|x86
		{EA12115A-8CCE-4296-814E-13FD05D36A21}.AppStore|ARM.ActiveCfg = Release|ARM
		{EA12115A-8CCE-4296-814E-13FD05D36A21}.AppStore|ARM.Build.0 = Release|ARM
		{EA12115A-8CCE-4296-814E-13FD05D36A21}.AppStore|ARM.Deploy.0 = Release|ARM
		{EA12115A-8CCE-4296-814E-13FD05D36A21}.AppStore|iPhone.ActiveCfg = Release|x86
		{EA12115A-8CCE-4296-814E-13FD05D36A21}.AppStore|iPhone.Build.0 = Release|x86
		{EA12115A-8CCE-4296-814E-13FD05D36A21}.AppStore|iPhone.Deploy.0 = Release|x86
		{EA12115A-8CCE-4296-814E-13FD05D36A21}.AppStore|iPhoneSimulator.ActiveCfg = Release|x86
		{EA12115A-8CCE-4296-814E-13FD05D36A21}.AppStore|iPhoneSimulator.Build.0 = Release|x86
		{EA12115A-8CCE-4296-814E-13FD05D36A21}.AppStore|iPhoneSimulator.Deploy.0 = Release|x86
		{EA12115A-8CCE-4296-814E-13FD05D36A21}.AppStore|x64.ActiveCfg = Release|x64
		{EA12115A-8CCE-4296-814E-13FD05D36A21}.AppStore|x64.Build.0 = Release|x64
		{EA12115A-8CCE-4296-814E-13FD05D36A21}.AppStore|x64.Deploy.0 = Release|x64
		{EA12115A-8CCE-4296-814E-13FD05D36A21}.AppStore|x86.ActiveCfg = Release|x86
		{EA12115A-8CCE-4296-814E-13FD05D36A21}.AppStore|x86.Build.0 = Release|x86
		{EA12115A-8CCE-4296-814E-13FD05D36A21}.AppStore|x86.Deploy.0 = Release|x86
		{EA12115A-8CCE-4296-814E-13FD05D36A21}.Debug|Any CPU.ActiveCfg = Debug|x86
		{EA12115A-8CCE-4296-814E-13FD05D36A21}.Debug|ARM.ActiveCfg = Debug|ARM
		{EA12115A-8CCE-4296-814E-13FD05D36A21}.Debug|ARM.Build.0 = Debug|ARM
		{EA12115A-8CCE-4296-814E-13FD05D36A21}.Debug|ARM.Deploy.0 = Debug|ARM
		{EA12115A-8CCE-4296-814E-13FD05D36A21}.Debug|iPhone.ActiveCfg = Debug|x86
		{EA12115A-8CCE-4296-814E-13FD05D36A21}.Debug|iPhoneSimulator.ActiveCfg = Debug|x86
		{EA12115A-8CCE-4296-814E-13FD05D36A21}.Debug|x64.ActiveCfg = Debug|x64
		{EA12115A-8CCE-4296-814E-13FD05D36A21}.Debug|x64.Build.0 = Debug|x64
		{EA12115A-8CCE-4296-814E-13FD05D36A21}.Debug|x64.Deploy.0 = Debug|x64
		{EA12115A-8CCE-4296-814E-13FD05D36A21}.Debug|x86.ActiveCfg = Debug|x86
		{EA12115A-8CCE-4296-814E-13FD05D36A21}.Debug|x86.Build.0 = Debug|x86
		{EA12115A-8CCE-4296-814E-13FD05D36A21}.Debug|x86.Deploy.0 = Debug|x86
		{EA12115A-8CCE-4296-814E-13FD05D36A21}.Release|Any CPU.ActiveCfg = Release|x86
		{EA12115A-8CCE-4296-814E-13FD05D36A21}.Release|ARM.ActiveCfg = Release|ARM
		{EA12115A-8CCE-4296-814E-13FD05D36A21}.Release|ARM.Build.0 = Release|ARM
		{EA12115A-8CCE-4296-814E-13FD05D36A21}.Release|ARM.Deploy.0 = Release|ARM
		{EA12115A-8CCE-4296-814E-13FD05D36A21}.Release|iPhone.ActiveCfg = Release|x86
		{EA12115A-8CCE-4296-814E-13FD05D36A21}.Release|iPhoneSimulator.ActiveCfg = Release|x86
		{EA12115A-8CCE-4296-814E-13FD05D36A21}.Release|x64.ActiveCfg = Release|x64
		{EA12115A-8CCE-4296-814E-13FD05D36A21}.Release|x64.Build.0 = Release|x64
		{EA12115A-8CCE-4296-814E-13FD05D36A21}.Release|x64.Deploy.0 = Release|x64
		{EA12115A-8CCE-4296-814E-13FD05D36A21}.Release|x86.ActiveCfg = Release|x86
		{EA12115A-8CCE-4296-814E-13FD05D36A21}.Release|x86.Build.0 = Release|x86
		{EA12115A-8CCE-4296-814E-13FD05D36A21}.Release|x86.Deploy.0 = Release|x86
	EndGlobalSection
	GlobalSection(SolutionProperties) = preSolution
		HideSolutionNode = FALSE
	EndGlobalSection
	GlobalSection(MonoDevelopProperties) = preSolution
		version = 1.0.2
	EndGlobalSection
EndGlobal
